
Microsoft Visual Studio Solution File, Format Version 12.00
# Visual Studio 15
VisualStudioVersion = 15.0.28010.2046
MinimumVisualStudioVersion = 10.0.40219.1
Project("{FAE04EC0-301F-11D3-BF4B-00C04F79EFBC}") = "TDAmeritradeApiLogin", "TDAmeritradeApiLogin\TDAmeritradeApiLogin.csproj", "{7A8C8CF6-DA7C-4AD9-8D20-EC6F345DDA5C}"
EndProject
Global
	GlobalSection(SolutionConfigurationPlatforms) = preSolution
		Debug|Any CPU = Debug|Any CPU
		Release|Any CPU = Release|Any CPU
	EndGlobalSection
	GlobalSection(ProjectConfigurationPlatforms) = postSolution
		{7A8C8CF6-DA7C-4AD9-8D20-EC6F345DDA5C}.Debug|Any CPU.ActiveCfg = Debug|Any CPU
		{7A8C8CF6-DA7C-4AD9-8D20-EC6F345DDA5C}.Debug|Any CPU.Build.0 = Debug|Any CPU
		{7A8C8CF6-DA7C-4AD9-8D20-EC6F345DDA5C}.Release|Any CPU.ActiveCfg = Release|Any CPU
		{7A8C8CF6-DA7C-4AD9-8D20-EC6F345DDA5C}.Release|Any CPU.Build.0 = Release|Any CPU
	EndGlobalSection
	GlobalSection(SolutionProperties) = preSolution
		HideSolutionNode = FALSE
	EndGlobalSection
	GlobalSection(ExtensibilityGlobals) = postSolution
		SolutionGuid = {69BBA5A9-0318-4F5B-90A1-7EB4CC71E97E}
	EndGlobalSection
EndGlobal
